// !$*UTF8*$!
{
	archiveVersion = 1;
	classes = {
	};
	objectVersion = 77;
	objects = {

/* Begin PBXBuildFile section */
		2A0000012FE0000000000001 /* HealthDataExportWatchApp.swift in Sources */ = {isa = PBXBuildFile; fileRef = 2A0000022FE0000000000002 /* HealthDataExportWatchApp.swift */; };
		2A0000032FE0000000000003 /* HealthDataExport/Features/Time/WatchTimeTrackerView.swift in Sources */ = {isa = PBXBuildFile; fileRef = 2A0000042FE0000000000004 /* HealthDataExport/Features/Time/WatchTimeTrackerView.swift */; };
		2A0000052FE0000000000005 /* HealthDataExport/Features/Record/ShortcutRecord.swift in Sources */ = {isa = PBXBuildFile; fileRef = 2A0000062FE0000000000006 /* HealthDataExport/Features/Record/ShortcutRecord.swift */; };
		2A0000102FE0000000000010 /* HealthDataExport Watch App.app in Embed Watch Content */ = {isa = PBXBuildFile; fileRef = 2A0000072FE0000000000007 /* HealthDataExport Watch App.app */; settings = {ATTRIBUTES = (RemoveHeadersOnCopy, ); }; };
		2A0000142FE0000000000014 /* Assets.xcassets in Resources */ = {isa = PBXBuildFile; fileRef = 2A0000152FE0000000000015 /* Assets.xcassets */; };
		2A0000172FE0000000000017 /* HealthDataExport/Shared/Haptics.swift in Sources */ = {isa = PBXBuildFile; fileRef = 2A0000182FE0000000000018 /* HealthDataExport/Shared/Haptics.swift */; };
		2A00001F2FE000000000001F /* HealthDataExport/Shared/Color+Hex.swift in Sources */ = {isa = PBXBuildFile; fileRef = 2A0000202FE0000000000020 /* HealthDataExport/Shared/Color+Hex.swift */; };
/* End PBXBuildFile section */

/* Begin PBXContainerItemProxy section */
		1B38A35A2FD6D715008783FC /* PBXContainerItemProxy */ = {
			isa = PBXContainerItemProxy;
			containerPortal = 1B38A3442FD6D714008783FC /* Project object */;
			proxyType = 1;
			remoteGlobalIDString = 1B38A34B2FD6D714008783FC;
			remoteInfo = HealthDataExport;
		};
		1B38A3642FD6D716008783FC /* PBXContainerItemProxy */ = {
			isa = PBXContainerItemProxy;
			containerPortal = 1B38A3442FD6D714008783FC /* Project object */;
			proxyType = 1;
			remoteGlobalIDString = 1B38A34B2FD6D714008783FC;
			remoteInfo = HealthDataExport;
		};
		2A0000112FE0000000000011 /* PBXContainerItemProxy */ = {
			isa = PBXContainerItemProxy;
			containerPortal = 1B38A3442FD6D714008783FC /* Project object */;
			proxyType = 1;
			remoteGlobalIDString = 2A00000A2FE000000000000A;
			remoteInfo = "HealthDataExport Watch App";
		};
/* End PBXContainerItemProxy section */

/* Begin PBXCopyFilesBuildPhase section */
		2A0000122FE0000000000012 /* Embed Watch Content */ = {
			isa = PBXCopyFilesBuildPhase;
			buildActionMask = 2147483647;
			dstPath = "$(CONTENTS_FOLDER_PATH)/Watch";
			dstSubfolderSpec = 16;
			files = (
				2A0000102FE0000000000010 /* HealthDataExport Watch App.app in Embed Watch Content */,
			);
			name = "Embed Watch Content";
			runOnlyForDeploymentPostprocessing = 0;
		};
/* End PBXCopyFilesBuildPhase section */

/* Begin PBXFileReference section */
		1B38A34C2FD6D714008783FC /* HealthDataExport.app */ = {isa = PBXFileReference; explicitFileType = wrapper.application; includeInIndex = 0; path = HealthDataExport.app; sourceTree = BUILT_PRODUCTS_DIR; };
		1B38A3592FD6D715008783FC /* HealthDataExportTests.xctest */ = {isa = PBXFileReference; explicitFileType = wrapper.cfbundle; includeInIndex = 0; path = HealthDataExportTests.xctest; sourceTree = BUILT_PRODUCTS_DIR; };
		1B38A3632FD6D716008783FC /* HealthDataExportUITests.xctest */ = {isa = PBXFileReference; explicitFileType = wrapper.cfbundle; includeInIndex = 0; path = HealthDataExportUITests.xctest; sourceTree = BUILT_PRODUCTS_DIR; };
		2A0000022FE0000000000002 /* HealthDataExportWatchApp.swift */ = {isa = PBXFileReference; lastKnownFileType = sourcecode.swift; path = HealthDataExportWatchApp.swift; sourceTree = "<group>"; };
		2A0000042FE0000000000004 /* HealthDataExport/Features/Time/WatchTimeTrackerView.swift */ = {isa = PBXFileReference; lastKnownFileType = sourcecode.swift; path = HealthDataExport/Features/Time/WatchTimeTrackerView.swift; sourceTree = SOURCE_ROOT; };
		2A0000062FE0000000000006 /* HealthDataExport/Features/Record/ShortcutRecord.swift */ = {isa = PBXFileReference; lastKnownFileType = sourcecode.swift; path = HealthDataExport/Features/Record/ShortcutRecord.swift; sourceTree = SOURCE_ROOT; };
		2A0000072FE0000000000007 /* HealthDataExport Watch App.app */ = {isa = PBXFileReference; explicitFileType = wrapper.application; includeInIndex = 0; path = "HealthDataExport Watch App.app"; sourceTree = BUILT_PRODUCTS_DIR; };
		2A0000152FE0000000000015 /* Assets.xcassets */ = {isa = PBXFileReference; lastKnownFileType = folder.assetcatalog; path = Assets.xcassets; sourceTree = "<group>"; };
		2A0000182FE0000000000018 /* HealthDataExport/Shared/Haptics.swift */ = {isa = PBXFileReference; lastKnownFileType = sourcecode.swift; path = HealthDataExport/Shared/Haptics.swift; sourceTree = SOURCE_ROOT; };
		2A0000202FE0000000000020 /* HealthDataExport/Shared/Color+Hex.swift */ = {isa = PBXFileReference; lastKnownFileType = sourcecode.swift; path = "HealthDataExport/Shared/Color+Hex.swift"; sourceTree = SOURCE_ROOT; };
/* End PBXFileReference section */

/* Begin PBXFileSystemSynchronizedBuildFileExceptionSet section */
		1B38A3762FD6E001008783FC /* Exceptions for "HealthDataExport" folder in "HealthDataExport" target */ = {
			isa = PBXFileSystemSynchronizedBuildFileExceptionSet;
			membershipExceptions = (
				Info.plist,
			);
			target = 1B38A34B2FD6D714008783FC /* HealthDataExport */;
		};
/* End PBXFileSystemSynchronizedBuildFileExceptionSet section */

/* Begin PBXFileSystemSynchronizedRootGroup section */
		1B38A34E2FD6D714008783FC /* HealthDataExport */ = {
			isa = PBXFileSystemSynchronizedRootGroup;
			exceptions = (
				1B38A3762FD6E001008783FC /* Exceptions for "HealthDataExport" folder in "HealthDataExport" target */,
			);
			path = HealthDataExport;
			sourceTree = "<group>";
		};
		1B38A35C2FD6D715008783FC /* HealthDataExportTests */ = {
			isa = PBXFileSystemSynchronizedRootGroup;
			path = HealthDataExportTests;
			sourceTree = "<group>";
		};
		1B38A3662FD6D716008783FC /* HealthDataExportUITests */ = {
			isa = PBXFileSystemSynchronizedRootGroup;
			path = HealthDataExportUITests;
			sourceTree = "<group>";
		};
/* End PBXFileSystemSynchronizedRootGroup section */

/* Begin PBXFrameworksBuildPhase section */
		1B38A3492FD6D714008783FC /* Frameworks */ = {
			isa = PBXFrameworksBuildPhase;
			buildActionMask = 2147483647;
			files = (
			);
			runOnlyForDeploymentPostprocessing = 0;
		};
		1B38A3562FD6D715008783FC /* Frameworks */ = {
			isa = PBXFrameworksBuildPhase;
			buildActionMask = 2147483647;
			files = (
			);
			runOnlyForDeploymentPostprocessing = 0;
		};
		1B38A3602FD6D716008783FC /* Frameworks */ = {
			isa = PBXFrameworksBuildPhase;
			buildActionMask = 2147483647;
			files = (
			);
			runOnlyForDeploymentPostprocessing = 0;
		};
		2A0000082FE0000000000008 /* Frameworks */ = {
			isa = PBXFrameworksBuildPhase;
			buildActionMask = 2147483647;
			files = (
			);
			runOnlyForDeploymentPostprocessing = 0;
		};
/* End PBXFrameworksBuildPhase section */

/* Begin PBXGroup section */
		1B38A3432FD6D714008783FC = {
			isa = PBXGroup;
			children = (
				1B38A34E2FD6D714008783FC /* HealthDataExport */,
				2A0000092FE0000000000009 /* HealthDataExportWatchApp */,
				1B38A35C2FD6D715008783FC /* HealthDataExportTests */,
				1B38A3662FD6D716008783FC /* HealthDataExportUITests */,
				1B38A34D2FD6D714008783FC /* Products */,
				1B38A6542FF6A23F008783FC /* Recovered References */,
			);
			sourceTree = "<group>";
		};
		1B38A34D2FD6D714008783FC /* Products */ = {
			isa = PBXGroup;
			children = (
				1B38A34C2FD6D714008783FC /* HealthDataExport.app */,
				2A0000072FE0000000000007 /* HealthDataExport Watch App.app */,
				1B38A3592FD6D715008783FC /* HealthDataExportTests.xctest */,
				1B38A3632FD6D716008783FC /* HealthDataExportUITests.xctest */,
			);
			name = Products;
			sourceTree = "<group>";
		};
		1B38A6542FF6A23F008783FC /* Recovered References */ = {
			isa = PBXGroup;
			children = (
			);
			name = "Recovered References";
			sourceTree = "<group>";
		};
		2A0000092FE0000000000009 /* HealthDataExportWatchApp */ = {
			isa = PBXGroup;
			children = (
				2A0000022FE0000000000002 /* HealthDataExportWatchApp.swift */,
				2A0000152FE0000000000015 /* Assets.xcassets */,
				2A0000042FE0000000000004 /* HealthDataExport/Features/Time/WatchTimeTrackerView.swift */,
				2A0000062FE0000000000006 /* HealthDataExport/Features/Record/ShortcutRecord.swift */,
				2A0000182FE0000000000018 /* HealthDataExport/Shared/Haptics.swift */,
				2A0000202FE0000000000020 /* HealthDataExport/Shared/Color+Hex.swift */,
			);
			path = HealthDataExportWatchApp;
			sourceTree = "<group>";
		};
/* End PBXGroup section */

/* Begin PBXNativeTarget section */
		1B38A34B2FD6D714008783FC /* HealthDataExport */ = {
			isa = PBXNativeTarget;
			buildConfigurationList = 1B38A36D2FD6D716008783FC /* Build configuration list for PBXNativeTarget "HealthDataExport" */;
			buildPhases = (
				1B38A3482FD6D714008783FC /* Sources */,
				1B38A3492FD6D714008783FC /* Frameworks */,
				1B38A34A2FD6D714008783FC /* Resources */,
				2A0000122FE0000000000012 /* Embed Watch Content */,
			);
			buildRules = (
			);
			dependencies = (
				2A0000132FE0000000000013 /* PBXTargetDependency */,
			);
			fileSystemSynchronizedGroups = (
				1B38A34E2FD6D714008783FC /* HealthDataExport */,
			);
			name = HealthDataExport;
			packageProductDependencies = (
			);
			productName = HealthDataExport;
			productReference = 1B38A34C2FD6D714008783FC /* HealthDataExport.app */;
			productType = "com.apple.product-type.application";
		};
		1B38A3582FD6D715008783FC /* HealthDataExportTests */ = {
			isa = PBXNativeTarget;
			buildConfigurationList = 1B38A3702FD6D716008783FC /* Build configuration list for PBXNativeTarget "HealthDataExportTests" */;
			buildPhases = (
				1B38A3552FD6D715008783FC /* Sources */,
				1B38A3562FD6D715008783FC /* Frameworks */,
				1B38A3572FD6D715008783FC /* Resources */,
			);
			buildRules = (
			);
			dependencies = (
				1B38A35B2FD6D715008783FC /* PBXTargetDependency */,
			);
			fileSystemSynchronizedGroups = (
				1B38A35C2FD6D715008783FC /* HealthDataExportTests */,
			);
			name = HealthDataExportTests;
			packageProductDependencies = (
			);
			productName = HealthDataExportTests;
			productReference = 1B38A3592FD6D715008783FC /* HealthDataExportTests.xctest */;
			productType = "com.apple.product-type.bundle.unit-test";
		};
		1B38A3622FD6D716008783FC /* HealthDataExportUITests */ = {
			isa = PBXNativeTarget;
			buildConfigurationList = 1B38A3732FD6D716008783FC /* Build configuration list for PBXNativeTarget "HealthDataExportUITests" */;
			buildPhases = (
				1B38A35F2FD6D716008783FC /* Sources */,
				1B38A3602FD6D716008783FC /* Frameworks */,
				1B38A3612FD6D716008783FC /* Resources */,
			);
			buildRules = (
			);
			dependencies = (
				1B38A3652FD6D716008783FC /* PBXTargetDependency */,
			);
			fileSystemSynchronizedGroups = (
				1B38A3662FD6D716008783FC /* HealthDataExportUITests */,
			);
			name = HealthDataExportUITests;
			packageProductDependencies = (
			);
			productName = HealthDataExportUITests;
			productReference = 1B38A3632FD6D716008783FC /* HealthDataExportUITests.xctest */;
			productType = "com.apple.product-type.bundle.ui-testing";
		};
		2A00000A2FE000000000000A /* HealthDataExport Watch App */ = {
			isa = PBXNativeTarget;
			buildConfigurationList = 2A00000B2FE000000000000B /* Build configuration list for PBXNativeTarget "HealthDataExport Watch App" */;
			buildPhases = (
				2A00000C2FE000000000000C /* Sources */,
				2A0000082FE0000000000008 /* Frameworks */,
				2A00000D2FE000000000000D /* Resources */,
			);
			buildRules = (
			);
			dependencies = (
			);
			name = "HealthDataExport Watch App";
			packageProductDependencies = (
			);
			productName = "HealthDataExport Watch App";
			productReference = 2A0000072FE0000000000007 /* HealthDataExport Watch App.app */;
			productType = "com.apple.product-type.application";
		};
/* End PBXNativeTarget section */

/* Begin PBXProject section */
		1B38A3442FD6D714008783FC /* Project object */ = {
			isa = PBXProject;
			attributes = {
				BuildIndependentTargetsInParallel = 1;
				LastSwiftUpdateCheck = 2610;
				LastUpgradeCheck = 2610;
				TargetAttributes = {
					1B38A34B2FD6D714008783FC = {
						CreatedOnToolsVersion = 26.1.1;
					};
					1B38A3582FD6D715008783FC = {
						CreatedOnToolsVersion = 26.1.1;
						TestTargetID = 1B38A34B2FD6D714008783FC;
					};
					1B38A3622FD6D716008783FC = {
						CreatedOnToolsVersion = 26.1.1;
						TestTargetID = 1B38A34B2FD6D714008783FC;
					};
					2A00000A2FE000000000000A = {
						CreatedOnToolsVersion = 26.1.1;
					};
				};
			};
			buildConfigurationList = 1B38A3472FD6D714008783FC /* Build configuration list for PBXProject "HealthDataExport" */;
			developmentRegion = en;
			hasScannedForEncodings = 0;
			knownRegions = (
				en,
				Base,
			);
			mainGroup = 1B38A3432FD6D714008783FC;
			minimizedProjectReferenceProxies = 1;
			preferredProjectObjectVersion = 77;
			productRefGroup = 1B38A34D2FD6D714008783FC /* Products */;
			projectDirPath = "";
			projectRoot = "";
			targets = (
				1B38A34B2FD6D714008783FC /* HealthDataExport */,
				2A00000A2FE000000000000A /* HealthDataExport Watch App */,
				1B38A3582FD6D715008783FC /* HealthDataExportTests */,
				1B38A3622FD6D716008783FC /* HealthDataExportUITests */,
			);
		};
/* End PBXProject section */

/* Begin PBXResourcesBuildPhase section */
		1B38A34A2FD6D714008783FC /* Resources */ = {
			isa = PBXResourcesBuildPhase;
			buildActionMask = 2147483647;
			files = (
			);
			runOnlyForDeploymentPostprocessing = 0;
		};
		1B38A3572FD6D715008783FC /* Resources */ = {
			isa = PBXResourcesBuildPhase;
			buildActionMask = 2147483647;
			files = (
			);
			runOnlyForDeploymentPostprocessing = 0;
		};
		1B38A3612FD6D716008783FC /* Resources */ = {
			isa = PBXResourcesBuildPhase;
			buildActionMask = 2147483647;
			files = (
			);
			runOnlyForDeploymentPostprocessing = 0;
		};
		2A00000D2FE000000000000D /* Resources */ = {
			isa = PBXResourcesBuildPhase;
			buildActionMask = 2147483647;
			files = (
				2A0000142FE0000000000014 /* Assets.xcassets in Resources */,
			);
			runOnlyForDeploymentPostprocessing = 0;
		};
/* End PBXResourcesBuildPhase section */

/* Begin PBXSourcesBuildPhase section */
		1B38A3482FD6D714008783FC /* Sources */ = {
			isa = PBXSourcesBuildPhase;
			buildActionMask = 2147483647;
			files = (
			);
			runOnlyForDeploymentPostprocessing = 0;
		};
		1B38A3552FD6D715008783FC /* Sources */ = {
			isa = PBXSourcesBuildPhase;
			buildActionMask = 2147483647;
			files = (
			);
			runOnlyForDeploymentPostprocessing = 0;
		};
		1B38A35F2FD6D716008783FC /* Sources */ = {
			isa = PBXSourcesBuildPhase;
			buildActionMask = 2147483647;
			files = (
			);
			runOnlyForDeploymentPostprocessing = 0;
		};
		2A00000C2FE000000000000C /* Sources */ = {
			isa = PBXSourcesBuildPhase;
			buildActionMask = 2147483647;
			files = (
				2A0000012FE0000000000001 /* HealthDataExportWatchApp.swift in Sources */,
				2A0000032FE0000000000003 /* HealthDataExport/Features/Time/WatchTimeTrackerView.swift in Sources */,
				2A0000052FE0000000000005 /* HealthDataExport/Features/Record/ShortcutRecord.swift in Sources */,
				2A0000172FE0000000000017 /* HealthDataExport/Shared/Haptics.swift in Sources */,
				2A00001F2FE000000000001F /* HealthDataExport/Shared/Color+Hex.swift in Sources */,
			);
			runOnlyForDeploymentPostprocessing = 0;
		};
/* End PBXSourcesBuildPhase section */

/* Begin PBXTargetDependency section */
		1B38A35B2FD6D715008783FC /* PBXTargetDependency */ = {
			isa = PBXTargetDependency;
			target = 1B38A34B2FD6D714008783FC /* HealthDataExport */;
			targetProxy = 1B38A35A2FD6D715008783FC /* PBXContainerItemProxy */;
		};
		1B38A3652FD6D716008783FC /* PBXTargetDependency */ = {
			isa = PBXTargetDependency;
			target = 1B38A34B2FD6D714008783FC /* HealthDataExport */;
			targetProxy = 1B38A3642FD6D716008783FC /* PBXContainerItemProxy */;
		};
		2A0000132FE0000000000013 /* PBXTargetDependency */ = {
			isa = PBXTargetDependency;
			target = 2A00000A2FE000000000000A /* HealthDataExport Watch App */;
			targetProxy = 2A0000112FE0000000000011 /* PBXContainerItemProxy */;
		};
/* End PBXTargetDependency section */

/* Begin XCBuildConfiguration section */
		1B38A36B2FD6D716008783FC /* Debug */ = {
			isa = XCBuildConfiguration;
			buildSettings = {
				ALWAYS_SEARCH_USER_PATHS = NO;
				ASSETCATALOG_COMPILER_GENERATE_SWIFT_ASSET_SYMBOL_EXTENSIONS = YES;
				CLANG_ANALYZER_NONNULL = YES;
				CLANG_ANALYZER_NUMBER_OBJECT_CONVERSION = YES_AGGRESSIVE;
				CLANG_CXX_LANGUAGE_STANDARD = "gnu++20";
				CLANG_ENABLE_MODULES = YES;
				CLANG_ENABLE_OBJC_ARC = YES;
				CLANG_ENABLE_OBJC_WEAK = YES;
				CLANG_WARN_BLOCK_CAPTURE_AUTORELEASING = YES;
				CLANG_WARN_BOOL_CONVERSION = YES;
				CLANG_WARN_COMMA = YES;
				CLANG_WARN_CONSTANT_CONVERSION = YES;
				CLANG_WARN_DEPRECATED_OBJC_IMPLEMENTATIONS = YES;
				CLANG_WARN_DIRECT_OBJC_ISA_USAGE = YES_ERROR;
				CLANG_WARN_DOCUMENTATION_COMMENTS = YES;
				CLANG_WARN_EMPTY_BODY = YES;
				CLANG_WARN_ENUM_CONVERSION = YES;
				CLANG_WARN_INFINITE_RECURSION = YES;
				CLANG_WARN_INT_CONVERSION = YES;
				CLANG_WARN_NON_LITERAL_NULL_CONVERSION = YES;
				CLANG_WARN_OBJC_IMPLICIT_RETAIN_SELF = YES;
				CLANG_WARN_OBJC_LITERAL_CONVERSION = YES;
				CLANG_WARN_OBJC_ROOT_CLASS = YES_ERROR;
				CLANG_WARN_QUOTED_INCLUDE_IN_FRAMEWORK_HEADER = YES;
				CLANG_WARN_RANGE_LOOP_ANALYSIS = YES;
				CLANG_WARN_STRICT_PROTOTYPES = YES;
				CLANG_WARN_SUSPICIOUS_MOVE = YES;
				CLANG_WARN_UNGUARDED_AVAILABILITY = YES_AGGRESSIVE;
				CLANG_WARN_UNREACHABLE_CODE = YES;
				CLANG_WARN__DUPLICATE_METHOD_MATCH = YES;
				COPY_PHASE_STRIP = NO;
				DEBUG_INFORMATION_FORMAT = dwarf;
				DEVELOPMENT_TEAM = Y5S7NUB77K;
				ENABLE_STRICT_OBJC_MSGSEND = YES;
				ENABLE_TESTABILITY = YES;
				ENABLE_USER_SCRIPT_SANDBOXING = YES;
				GCC_C_LANGUAGE_STANDARD = gnu17;
				GCC_DYNAMIC_NO_PIC = NO;
				GCC_NO_COMMON_BLOCKS = YES;
				GCC_OPTIMIZATION_LEVEL = 0;
				GCC_PREPROCESSOR_DEFINITIONS = (
					"DEBUG=1",
					"$(inherited)",
				);
				GCC_WARN_64_TO_32_BIT_CONVERSION = YES;
				GCC_WARN_ABOUT_RETURN_TYPE = YES_ERROR;
				GCC_WARN_UNDECLARED_SELECTOR = YES;
				GCC_WARN_UNINITIALIZED_AUTOS = YES_AGGRESSIVE;
				GCC_WARN_UNUSED_FUNCTION = YES;
				GCC_WARN_UNUSED_VARIABLE = YES;
				LOCALIZATION_PREFERS_STRING_CATALOGS = YES;
				MTL_ENABLE_DEBUG_INFO = INCLUDE_SOURCE;
				MTL_FAST_MATH = YES;
				ONLY_ACTIVE_ARCH = YES;
				SWIFT_ACTIVE_COMPILATION_CONDITIONS = "DEBUG $(inherited)";
				SWIFT_OPTIMIZATION_LEVEL = "-Onone";
			};
			name = Debug;
		};
		1B38A36C2FD6D716008783FC /* Release */ = {
			isa = XCBuildConfiguration;
			buildSettings = {
				ALWAYS_SEARCH_USER_PATHS = NO;
				ASSETCATALOG_COMPILER_GENERATE_SWIFT_ASSET_SYMBOL_EXTENSIONS = YES;
				CLANG_ANALYZER_NONNULL = YES;
				CLANG_ANALYZER_NUMBER_OBJECT_CONVERSION = YES_AGGRESSIVE;
				CLANG_CXX_LANGUAGE_STANDARD = "gnu++20";
				CLANG_ENABLE_MODULES = YES;
				CLANG_ENABLE_OBJC_ARC = YES;
				CLANG_ENABLE_OBJC_WEAK = YES;
				CLANG_WARN_BLOCK_CAPTURE_AUTORELEASING = YES;
				CLANG_WARN_BOOL_CONVERSION = YES;
				CLANG_WARN_COMMA = YES;
				CLANG_WARN_CONSTANT_CONVERSION = YES;
				CLANG_WARN_DEPRECATED_OBJC_IMPLEMENTATIONS = YES;
				CLANG_WARN_DIRECT_OBJC_ISA_USAGE = YES_ERROR;
				CLANG_WARN_DOCUMENTATION_COMMENTS = YES;
				CLANG_WARN_EMPTY_BODY = YES;
				CLANG_WARN_ENUM_CONVERSION = YES;
				CLANG_WARN_INFINITE_RECURSION = YES;
				CLANG_WARN_INT_CONVERSION = YES;
				CLANG_WARN_NON_LITERAL_NULL_CONVERSION = YES;
				CLANG_WARN_OBJC_IMPLICIT_RETAIN_SELF = YES;
				CLANG_WARN_OBJC_LITERAL_CONVERSION = YES;
				CLANG_WARN_OBJC_ROOT_CLASS = YES_ERROR;
				CLANG_WARN_QUOTED_INCLUDE_IN_FRAMEWORK_HEADER = YES;
				CLANG_WARN_RANGE_LOOP_ANALYSIS = YES;
				CLANG_WARN_STRICT_PROTOTYPES = YES;
				CLANG_WARN_SUSPICIOUS_MOVE = YES;
				CLANG_WARN_UNGUARDED_AVAILABILITY = YES_AGGRESSIVE;
				CLANG_WARN_UNREACHABLE_CODE = YES;
				CLANG_WARN__DUPLICATE_METHOD_MATCH = YES;
				COPY_PHASE_STRIP = NO;
				DEBUG_INFORMATION_FORMAT = "dwarf-with-dsym";
				DEVELOPMENT_TEAM = Y5S7NUB77K;
				ENABLE_NS_ASSERTIONS = NO;
				ENABLE_STRICT_OBJC_MSGSEND = YES;
				ENABLE_USER_SCRIPT_SANDBOXING = YES;
				GCC_C_LANGUAGE_STANDARD = gnu17;
				GCC_NO_COMMON_BLOCKS = YES;
				GCC_WARN_64_TO_32_BIT_CONVERSION = YES;
				GCC_WARN_ABOUT_RETURN_TYPE = YES_ERROR;
				GCC_WARN_UNDECLARED_SELECTOR = YES;
				GCC_WARN_UNINITIALIZED_AUTOS = YES_AGGRESSIVE;
				GCC_WARN_UNUSED_FUNCTION = YES;
				GCC_WARN_UNUSED_VARIABLE = YES;
				LOCALIZATION_PREFERS_STRING_CATALOGS = YES;
				MTL_ENABLE_DEBUG_INFO = NO;
				MTL_FAST_MATH = YES;
				SWIFT_COMPILATION_MODE = wholemodule;
			};
			name = Release;
		};
		1B38A36E2FD6D716008783FC /* Debug */ = {
			isa = XCBuildConfiguration;
			buildSettings = {
				ASSETCATALOG_COMPILER_APPICON_NAME = AppIcon;
				ASSETCATALOG_COMPILER_GLOBAL_ACCENT_COLOR_NAME = AccentColor;
				CODE_SIGN_ENTITLEMENTS = HealthDataExport/HealthDataExport.entitlements;
				CODE_SIGN_STYLE = Automatic;
				CURRENT_PROJECT_VERSION = 1;
				DEVELOPMENT_TEAM = Y5S7NUB77K;
				ENABLE_APP_SANDBOX = YES;
				ENABLE_HARDENED_RUNTIME = YES;
				ENABLE_PREVIEWS = YES;
				ENABLE_USER_SELECTED_FILES = readonly;
				GENERATE_INFOPLIST_FILE = NO;
				INFOPLIST_FILE = HealthDataExport/Info.plist;
				IPHONEOS_DEPLOYMENT_TARGET = 26.1;
				LD_RUNPATH_SEARCH_PATHS = "@executable_path/Frameworks";
				"LD_RUNPATH_SEARCH_PATHS[sdk=macosx*]" = "@executable_path/../Frameworks";
				MACOSX_DEPLOYMENT_TARGET = 26.1;
				MARKETING_VERSION = 1.0;
				PRODUCT_BUNDLE_IDENTIFIER = com.tengzx.HealthDataExport;
				PRODUCT_NAME = "$(TARGET_NAME)";
				REGISTER_APP_GROUPS = YES;
				SDKROOT = auto;
				STRING_CATALOG_GENERATE_SYMBOLS = YES;
				SUPPORTED_PLATFORMS = "iphoneos iphonesimulator";
				SWIFT_APPROACHABLE_CONCURRENCY = YES;
				SWIFT_DEFAULT_ACTOR_ISOLATION = MainActor;
				SWIFT_EMIT_LOC_STRINGS = YES;
				SWIFT_UPCOMING_FEATURE_MEMBER_IMPORT_VISIBILITY = YES;
				SWIFT_VERSION = 5.0;
				TARGETED_DEVICE_FAMILY = "1,2";
				XROS_DEPLOYMENT_TARGET = 26.1;
			};
			name = Debug;
		};
		1B38A36F2FD6D716008783FC /* Release */ = {
			isa = XCBuildConfiguration;
			buildSettings = {
				ASSETCATALOG_COMPILER_APPICON_NAME = AppIcon;
				ASSETCATALOG_COMPILER_GLOBAL_ACCENT_COLOR_NAME = AccentColor;
				CODE_SIGN_ENTITLEMENTS = HealthDataExport/HealthDataExport.entitlements;
				CODE_SIGN_STYLE = Automatic;
				CURRENT_PROJECT_VERSION = 1;
				DEVELOPMENT_TEAM = Y5S7NUB77K;
				ENABLE_APP_SANDBOX = YES;
				ENABLE_HARDENED_RUNTIME = YES;
				ENABLE_PREVIEWS = YES;
				ENABLE_USER_SELECTED_FILES = readonly;
				GENERATE_INFOPLIST_FILE = NO;
				INFOPLIST_FILE = HealthDataExport/Info.plist;
				IPHONEOS_DEPLOYMENT_TARGET = 26.1;
				LD_RUNPATH_SEARCH_PATHS = "@executable_path/Frameworks";
				"LD_RUNPATH_SEARCH_PATHS[sdk=macosx*]" = "@executable_path/../Frameworks";
				MACOSX_DEPLOYMENT_TARGET = 26.1;
				MARKETING_VERSION = 1.0;
				PRODUCT_BUNDLE_IDENTIFIER = com.tengzx.HealthDataExport;
				PRODUCT_NAME = "$(TARGET_NAME)";
				REGISTER_APP_GROUPS = YES;
				SDKROOT = auto;
				STRING_CATALOG_GENERATE_SYMBOLS = YES;
				SUPPORTED_PLATFORMS = "iphoneos iphonesimulator";
				SWIFT_APPROACHABLE_CONCURRENCY = YES;
				SWIFT_DEFAULT_ACTOR_ISOLATION = MainActor;
				SWIFT_EMIT_LOC_STRINGS = YES;
				SWIFT_UPCOMING_FEATURE_MEMBER_IMPORT_VISIBILITY = YES;
				SWIFT_VERSION = 5.0;
				TARGETED_DEVICE_FAMILY = "1,2";
				XROS_DEPLOYMENT_TARGET = 26.1;
			};
			name = Release;
		};
		1B38A3712FD6D716008783FC /* Debug */ = {
			isa = XCBuildConfiguration;
			buildSettings = {
				BUNDLE_LOADER = "$(TEST_HOST)";
				CODE_SIGN_STYLE = Automatic;
				CURRENT_PROJECT_VERSION = 1;
				DEVELOPMENT_TEAM = Y5S7NUB77K;
				GENERATE_INFOPLIST_FILE = YES;
				IPHONEOS_DEPLOYMENT_TARGET = 26.1;
				MACOSX_DEPLOYMENT_TARGET = 26.1;
				MARKETING_VERSION = 1.0;
				PRODUCT_BUNDLE_IDENTIFIER = com.tengzx.HealthDataExportTests;
				PRODUCT_NAME = "$(TARGET_NAME)";
				SDKROOT = auto;
				STRING_CATALOG_GENERATE_SYMBOLS = NO;
				SUPPORTED_PLATFORMS = "iphoneos iphonesimulator macosx xros xrsimulator";
				SWIFT_APPROACHABLE_CONCURRENCY = YES;
				SWIFT_EMIT_LOC_STRINGS = NO;
				SWIFT_UPCOMING_FEATURE_MEMBER_IMPORT_VISIBILITY = YES;
				SWIFT_VERSION = 5.0;
				TARGETED_DEVICE_FAMILY = "1,2,7";
				TEST_HOST = "$(BUILT_PRODUCTS_DIR)/HealthDataExport.app/$(BUNDLE_EXECUTABLE_FOLDER_PATH)/HealthDataExport";
				XROS_DEPLOYMENT_TARGET = 26.1;
			};
			name = Debug;
		};
		1B38A3722FD6D716008783FC /* Release */ = {
			isa = XCBuildConfiguration;
			buildSettings = {
				BUNDLE_LOADER = "$(TEST_HOST)";
				CODE_SIGN_STYLE = Automatic;
				CURRENT_PROJECT_VERSION = 1;
				DEVELOPMENT_TEAM = Y5S7NUB77K;
				GENERATE_INFOPLIST_FILE = YES;
				IPHONEOS_DEPLOYMENT_TARGET = 26.1;
				MACOSX_DEPLOYMENT_TARGET = 26.1;
				MARKETING_VERSION = 1.0;
				PRODUCT_BUNDLE_IDENTIFIER = com.tengzx.HealthDataExportTests;
				PRODUCT_NAME = "$(TARGET_NAME)";
				SDKROOT = auto;
				STRING_CATALOG_GENERATE_SYMBOLS = NO;
				SUPPORTED_PLATFORMS = "iphoneos iphonesimulator macosx xros xrsimulator";
				SWIFT_APPROACHABLE_CONCURRENCY = YES;
				SWIFT_EMIT_LOC_STRINGS = NO;
				SWIFT_UPCOMING_FEATURE_MEMBER_IMPORT_VISIBILITY = YES;
				SWIFT_VERSION = 5.0;
				TARGETED_DEVICE_FAMILY = "1,2,7";
				TEST_HOST = "$(BUILT_PRODUCTS_DIR)/HealthDataExport.app/$(BUNDLE_EXECUTABLE_FOLDER_PATH)/HealthDataExport";
				XROS_DEPLOYMENT_TARGET = 26.1;
			};
			name = Release;
		};
		1B38A3742FD6D716008783FC /* Debug */ = {
			isa = XCBuildConfiguration;
			buildSettings = {
				CODE_SIGN_STYLE = Automatic;
				CURRENT_PROJECT_VERSION = 1;
				DEVELOPMENT_TEAM = Y5S7NUB77K;
				GENERATE_INFOPLIST_FILE = YES;
				IPHONEOS_DEPLOYMENT_TARGET = 26.1;
				MACOSX_DEPLOYMENT_TARGET = 26.1;
				MARKETING_VERSION = 1.0;
				PRODUCT_BUNDLE_IDENTIFIER = com.tengzx.HealthDataExportUITests;
				PRODUCT_NAME = "$(TARGET_NAME)";
				SDKROOT = auto;
				STRING_CATALOG_GENERATE_SYMBOLS = NO;
				SUPPORTED_PLATFORMS = "iphoneos iphonesimulator macosx xros xrsimulator";
				SWIFT_APPROACHABLE_CONCURRENCY = YES;
				SWIFT_EMIT_LOC_STRINGS = NO;
				SWIFT_UPCOMING_FEATURE_MEMBER_IMPORT_VISIBILITY = YES;
				SWIFT_VERSION = 5.0;
				TARGETED_DEVICE_FAMILY = "1,2,7";
				TEST_TARGET_NAME = HealthDataExport;
				XROS_DEPLOYMENT_TARGET = 26.1;
			};
			name = Debug;
		};
		1B38A3752FD6D716008783FC /* Release */ = {
			isa = XCBuildConfiguration;
			buildSettings = {
				CODE_SIGN_STYLE = Automatic;
				CURRENT_PROJECT_VERSION = 1;
				DEVELOPMENT_TEAM = Y5S7NUB77K;
				GENERATE_INFOPLIST_FILE = YES;
				IPHONEOS_DEPLOYMENT_TARGET = 26.1;
				MACOSX_DEPLOYMENT_TARGET = 26.1;
				MARKETING_VERSION = 1.0;
				PRODUCT_BUNDLE_IDENTIFIER = com.tengzx.HealthDataExportUITests;
				PRODUCT_NAME = "$(TARGET_NAME)";
				SDKROOT = auto;
				STRING_CATALOG_GENERATE_SYMBOLS = NO;
				SUPPORTED_PLATFORMS = "iphoneos iphonesimulator macosx xros xrsimulator";
				SWIFT_APPROACHABLE_CONCURRENCY = YES;
				SWIFT_EMIT_LOC_STRINGS = NO;
				SWIFT_UPCOMING_FEATURE_MEMBER_IMPORT_VISIBILITY = YES;
				SWIFT_VERSION = 5.0;
				TARGETED_DEVICE_FAMILY = "1,2,7";
				TEST_TARGET_NAME = HealthDataExport;
				XROS_DEPLOYMENT_TARGET = 26.1;
			};
			name = Release;
		};
		2A00000E2FE000000000000E /* Debug */ = {
			isa = XCBuildConfiguration;
			buildSettings = {
				ASSETCATALOG_COMPILER_APPICON_NAME = AppIcon;
				ASSETCATALOG_COMPILER_GLOBAL_ACCENT_COLOR_NAME = AccentColor;
				CODE_SIGN_STYLE = Automatic;
				CURRENT_PROJECT_VERSION = 1;
				DEVELOPMENT_TEAM = Y5S7NUB77K;
				ENABLE_DEBUG_DYLIB = NO;
				ENABLE_PREVIEWS = NO;
				GENERATE_INFOPLIST_FILE = YES;
				INFOPLIST_KEY_CFBundleDisplayName = "知行";
				INFOPLIST_KEY_UISupportedInterfaceOrientations = "UIInterfaceOrientationPortrait UIInterfaceOrientationPortraitUpsideDown";
				INFOPLIST_KEY_WKApplication = YES;
				INFOPLIST_KEY_WKCompanionAppBundleIdentifier = com.tengzx.HealthDataExport;
				LD_RUNPATH_SEARCH_PATHS = (
					"$(inherited)",
					"@executable_path/Frameworks",
				);
				MARKETING_VERSION = 1.0;
				PRODUCT_BUNDLE_IDENTIFIER = com.tengzx.HealthDataExport.watchkitapp;
				PRODUCT_NAME = "$(TARGET_NAME)";
				SDKROOT = watchos;
				SKIP_INSTALL = YES;
				STRING_CATALOG_GENERATE_SYMBOLS = YES;
				SUPPORTED_PLATFORMS = "watchos watchsimulator";
				SWIFT_APPROACHABLE_CONCURRENCY = YES;
				SWIFT_DEFAULT_ACTOR_ISOLATION = MainActor;
				SWIFT_EMIT_LOC_STRINGS = YES;
				SWIFT_UPCOMING_FEATURE_MEMBER_IMPORT_VISIBILITY = YES;
				SWIFT_VERSION = 5.0;
				TARGETED_DEVICE_FAMILY = 4;
				WATCHOS_DEPLOYMENT_TARGET = 10.0;
			};
			name = Debug;
		};
		2A00000F2FE000000000000F /* Release */ = {
			isa = XCBuildConfiguration;
			buildSettings = {
				ASSETCATALOG_COMPILER_APPICON_NAME = AppIcon;
				ASSETCATALOG_COMPILER_GLOBAL_ACCENT_COLOR_NAME = AccentColor;
				CODE_SIGN_STYLE = Automatic;
				CURRENT_PROJECT_VERSION = 1;
				DEVELOPMENT_TEAM = Y5S7NUB77K;
				ENABLE_DEBUG_DYLIB = NO;
				ENABLE_PREVIEWS = NO;
				GENERATE_INFOPLIST_FILE = YES;
				INFOPLIST_KEY_CFBundleDisplayName = "知行";
				INFOPLIST_KEY_UISupportedInterfaceOrientations = "UIInterfaceOrientationPortrait UIInterfaceOrientationPortraitUpsideDown";
				INFOPLIST_KEY_WKApplication = YES;
				INFOPLIST_KEY_WKCompanionAppBundleIdentifier = com.tengzx.HealthDataExport;
				LD_RUNPATH_SEARCH_PATHS = (
					"$(inherited)",
					"@executable_path/Frameworks",
				);
				MARKETING_VERSION = 1.0;
				PRODUCT_BUNDLE_IDENTIFIER = com.tengzx.HealthDataExport.watchkitapp;
				PRODUCT_NAME = "$(TARGET_NAME)";
				SDKROOT = watchos;
				SKIP_INSTALL = YES;
				STRING_CATALOG_GENERATE_SYMBOLS = YES;
				SUPPORTED_PLATFORMS = "watchos watchsimulator";
				SWIFT_APPROACHABLE_CONCURRENCY = YES;
				SWIFT_DEFAULT_ACTOR_ISOLATION = MainActor;
				SWIFT_EMIT_LOC_STRINGS = YES;
				SWIFT_UPCOMING_FEATURE_MEMBER_IMPORT_VISIBILITY = YES;
				SWIFT_VERSION = 5.0;
				TARGETED_DEVICE_FAMILY = 4;
				WATCHOS_DEPLOYMENT_TARGET = 10.0;
			};
			name = Release;
		};
/* End XCBuildConfiguration section */

/* Begin XCConfigurationList section */
		1B38A3472FD6D714008783FC /* Build configuration list for PBXProject "HealthDataExport" */ = {
			isa = XCConfigurationList;
			buildConfigurations = (
				1B38A36B2FD6D716008783FC /* Debug */,
				1B38A36C2FD6D716008783FC /* Release */,
			);
			defaultConfigurationIsVisible = 0;
			defaultConfigurationName = Release;
		};
		1B38A36D2FD6D716008783FC /* Build configuration list for PBXNativeTarget "HealthDataExport" */ = {
			isa = XCConfigurationList;
			buildConfigurations = (
				1B38A36E2FD6D716008783FC /* Debug */,
				1B38A36F2FD6D716008783FC /* Release */,
			);
			defaultConfigurationIsVisible = 0;
			defaultConfigurationName = Release;
		};
		1B38A3702FD6D716008783FC /* Build configuration list for PBXNativeTarget "HealthDataExportTests" */ = {
			isa = XCConfigurationList;
			buildConfigurations = (
				1B38A3712FD6D716008783FC /* Debug */,
				1B38A3722FD6D716008783FC /* Release */,
			);
			defaultConfigurationIsVisible = 0;
			defaultConfigurationName = Release;
		};
		1B38A3732FD6D716008783FC /* Build configuration list for PBXNativeTarget "HealthDataExportUITests" */ = {
			isa = XCConfigurationList;
			buildConfigurations = (
				1B38A3742FD6D716008783FC /* Debug */,
				1B38A3752FD6D716008783FC /* Release */,
			);
			defaultConfigurationIsVisible = 0;
			defaultConfigurationName = Release;
		};
		2A00000B2FE000000000000B /* Build configuration list for PBXNativeTarget "HealthDataExport Watch App" */ = {
			isa = XCConfigurationList;
			buildConfigurations = (
				2A00000E2FE000000000000E /* Debug */,
				2A00000F2FE000000000000F /* Release */,
			);
			defaultConfigurationIsVisible = 0;
			defaultConfigurationName = Release;
		};
/* End XCConfigurationList section */
	};
	rootObject = 1B38A3442FD6D714008783FC /* Project object */;
}
